
Microsoft Visual Studio Solution File, Format Version 12.00
# Visual Studio Version 16
VisualStudioVersion = 16.0.28803.202
MinimumVisualStudioVersion = 10.0.40219.1
Project("{9A19103F-16F7-4668-BE54-9A1E7A4F7556}") = "Queree", "Queree\Queree.csproj", "{B83F7BB9-7626-485B-B468-CF99D897ED55}"
EndProject
Project("{9A19103F-16F7-4668-BE54-9A1E7A4F7556}") = "Queree.Caching.Redis", "Queree.Caching.Redis\Queree.Caching.Redis.csproj", "{BC74BCFA-520A-4AF0-A3BC-283F02CA290B}"
EndProject
Project("{9A19103F-16F7-4668-BE54-9A1E7A4F7556}") = "Queree.Resolvers.Autofac", "Queree.Resolvers.Autofac\Queree.Resolvers.Autofac.csproj", "{4F8B5BF7-9266-426C-88CB-E437249A162E}"
EndProject
Project("{FAE04EC0-301F-11D3-BF4B-00C04F79EFBC}") = "Queree.BackgroundTasks.Hangfire", "Queree.BackgroundTasks.Hangfire\Queree.BackgroundTasks.Hangfire.csproj", "{C86A50EB-4310-4885-B777-205BE704DB15}"
EndProject
Global
	GlobalSection(SolutionConfigurationPlatforms) = preSolution
		Debug|Any CPU = Debug|Any CPU
		Release|Any CPU = Release|Any CPU
	EndGlobalSection
	GlobalSection(ProjectConfigurationPlatforms) = postSolution
		{B83F7BB9-7626-485B-B468-CF99D897ED55}.Debug|Any CPU.ActiveCfg = Debug|Any CPU
		{B83F7BB9-7626-485B-B468-CF99D897ED55}.Debug|Any CPU.Build.0 = Debug|Any CPU
		{B83F7BB9-7626-485B-B468-CF99D897ED55}.Release|Any CPU.ActiveCfg = Release|Any CPU
		{B83F7BB9-7626-485B-B468-CF99D897ED55}.Release|Any CPU.Build.0 = Release|Any CPU
		{BC74BCFA-520A-4AF0-A3BC-283F02CA290B}.Debug|Any CPU.ActiveCfg = Debug|Any CPU
		{BC74BCFA-520A-4AF0-A3BC-283F02CA290B}.Debug|Any CPU.Build.0 = Debug|Any CPU
		{BC74BCFA-520A-4AF0-A3BC-283F02CA290B}.Release|Any CPU.ActiveCfg = Release|Any CPU
		{BC74BCFA-520A-4AF0-A3BC-283F02CA290B}.Release|Any CPU.Build.0 = Release|Any CPU
		{4F8B5BF7-9266-426C-88CB-E437249A162E}.Debug|Any CPU.ActiveCfg = Debug|Any CPU
		{4F8B5BF7-9266-426C-88CB-E437249A162E}.Debug|Any CPU.Build.0 = Debug|Any CPU
		{4F8B5BF7-9266-426C-88CB-E437249A162E}.Release|Any CPU.ActiveCfg = Release|Any CPU
		{4F8B5BF7-9266-426C-88CB-E437249A162E}.Release|Any CPU.Build.0 = Release|Any CPU
		{C86A50EB-4310-4885-B777-205BE704DB15}.Debug|Any CPU.ActiveCfg = Debug|Any CPU
		{C86A50EB-4310-4885-B777-205BE704DB15}.Debug|Any CPU.Build.0 = Debug|Any CPU
		{C86A50EB-4310-4885-B777-205BE704DB15}.Release|Any CPU.ActiveCfg = Release|Any CPU
		{C86A50EB-4310-4885-B777-205BE704DB15}.Release|Any CPU.Build.0 = Release|Any CPU
	EndGlobalSection
	GlobalSection(SolutionProperties) = preSolution
		HideSolutionNode = FALSE
	EndGlobalSection
	GlobalSection(ExtensibilityGlobals) = postSolution
		SolutionGuid = {F4BB815A-07D2-43A2-9F27-2F05BF1808A3}
	EndGlobalSection
EndGlobal
